// !$*UTF8*$!
{
	archiveVersion = 1;
	classes = {
	};
	objectVersion = 56;
	objects = {

/* Begin PBXBuildFile section */
		F58503052AF767510019AAA3 /* RecipeApp.swift in Sources */ = {isa = PBXBuildFile; fileRef = F58503042AF767510019AAA3 /* RecipeApp.swift */; };
		F58503072AF767510019AAA3 /* ContentView.swift in Sources */ = {isa = PBXBuildFile; fileRef = F58503062AF767510019AAA3 /* ContentView.swift */; };
		F58503092AF767530019AAA3 /* Assets.xcassets in Resources */ = {isa = PBXBuildFile; fileRef = F58503082AF767530019AAA3 /* Assets.xcassets */; };
		F585030C2AF767530019AAA3 /* Preview Assets.xcassets in Resources */ = {isa = PBXBuildFile; fileRef = F585030B2AF767530019AAA3 /* Preview Assets.xcassets */; };
		F58503132AF769350019AAA3 /* TabBar.swift in Sources */ = {isa = PBXBuildFile; fileRef = F58503122AF769350019AAA3 /* TabBar.swift */; };
		F58503152AF769410019AAA3 /* NewRecipiesView.swift in Sources */ = {isa = PBXBuildFile; fileRef = F58503142AF769410019AAA3 /* NewRecipiesView.swift */; };
		F58503172AF769540019AAA3 /* FavoritiesView.swift in Sources */ = {isa = PBXBuildFile; fileRef = F58503162AF769540019AAA3 /* FavoritiesView.swift */; };
		F58503192AF769680019AAA3 /* HomeView.swift in Sources */ = {isa = PBXBuildFile; fileRef = F58503182AF769680019AAA3 /* HomeView.swift */; };
		F585031B2AF769760019AAA3 /* CatagoriesView.swift in Sources */ = {isa = PBXBuildFile; fileRef = F585031A2AF769760019AAA3 /* CatagoriesView.swift */; };
		F5E656412AFF0DB10037D5C0 /* RecipeModel.swift in Sources */ = {isa = PBXBuildFile; fileRef = F5E656402AFF0DB10037D5C0 /* RecipeModel.swift */; };
		F5E656432AFF1A520037D5C0 /* RecipeCard.swift in Sources */ = {isa = PBXBuildFile; fileRef = F5E656422AFF1A520037D5C0 /* RecipeCard.swift */; };
		F5E656452AFF20190037D5C0 /* RecipeList.swift in Sources */ = {isa = PBXBuildFile; fileRef = F5E656442AFF20190037D5C0 /* RecipeList.swift */; };
		F5E656472AFF24620037D5C0 /* RecipeView.swift in Sources */ = {isa = PBXBuildFile; fileRef = F5E656462AFF24620037D5C0 /* RecipeView.swift */; };
/* End PBXBuildFile section */

/* Begin PBXFileReference section */
		F58503012AF767510019AAA3 /* Recipe.app */ = {isa = PBXFileReference; explicitFileType = wrapper.application; includeInIndex = 0; path = Recipe.app; sourceTree = BUILT_PRODUCTS_DIR; };
		F58503042AF767510019AAA3 /* RecipeApp.swift */ = {isa = PBXFileReference; lastKnownFileType = sourcecode.swift; path = RecipeApp.swift; sourceTree = "<group>"; };
		F58503062AF767510019AAA3 /* ContentView.swift */ = {isa = PBXFileReference; lastKnownFileType = sourcecode.swift; path = ContentView.swift; sourceTree = "<group>"; };
		F58503082AF767530019AAA3 /* Assets.xcassets */ = {isa = PBXFileReference; lastKnownFileType = folder.assetcatalog; path = Assets.xcassets; sourceTree = "<group>"; };
		F585030B2AF767530019AAA3 /* Preview Assets.xcassets */ = {isa = PBXFileReference; lastKnownFileType = folder.assetcatalog; path = "Preview Assets.xcassets"; sourceTree = "<group>"; };
		F58503122AF769350019AAA3 /* TabBar.swift */ = {isa = PBXFileReference; lastKnownFileType = sourcecode.swift; path = TabBar.swift; sourceTree = "<group>"; };
		F58503142AF769410019AAA3 /* NewRecipiesView.swift */ = {isa = PBXFileReference; lastKnownFileType = sourcecode.swift; path = NewRecipiesView.swift; sourceTree = "<group>"; };
		F58503162AF769540019AAA3 /* FavoritiesView.swift */ = {isa = PBXFileReference; lastKnownFileType = sourcecode.swift; path = FavoritiesView.swift; sourceTree = "<group>"; };
		F58503182AF769680019AAA3 /* HomeView.swift */ = {isa = PBXFileReference; lastKnownFileType = sourcecode.swift; path = HomeView.swift; sourceTree = "<group>"; };
		F585031A2AF769760019AAA3 /* CatagoriesView.swift */ = {isa = PBXFileReference; lastKnownFileType = sourcecode.swift; path = CatagoriesView.swift; sourceTree = "<group>"; };
		F5E656402AFF0DB10037D5C0 /* RecipeModel.swift */ = {isa = PBXFileReference; lastKnownFileType = sourcecode.swift; path = RecipeModel.swift; sourceTree = "<group>"; };
		F5E656422AFF1A520037D5C0 /* RecipeCard.swift */ = {isa = PBXFileReference; lastKnownFileType = sourcecode.swift; path = RecipeCard.swift; sourceTree = "<group>"; };
		F5E656442AFF20190037D5C0 /* RecipeList.swift */ = {isa = PBXFileReference; lastKnownFileType = sourcecode.swift; path = RecipeList.swift; sourceTree = "<group>"; };
		F5E656462AFF24620037D5C0 /* RecipeView.swift */ = {isa = PBXFileReference; lastKnownFileType = sourcecode.swift; path = RecipeView.swift; sourceTree = "<group>"; };
/* End PBXFileReference section */

/* Begin PBXFrameworksBuildPhase section */
		F58502FE2AF767510019AAA3 /* Frameworks */ = {
			isa = PBXFrameworksBuildPhase;
			buildActionMask = 2147483647;
			files = (
			);
			runOnlyForDeploymentPostprocessing = 0;
		};
/* End PBXFrameworksBuildPhase section */

/* Begin PBXGroup section */
		F58502F82AF767510019AAA3 = {
			isa = PBXGroup;
			children = (
				F58503032AF767510019AAA3 /* Recipe */,
				F58503022AF767510019AAA3 /* Products */,
			);
			sourceTree = "<group>";
		};
		F58503022AF767510019AAA3 /* Products */ = {
			isa = PBXGroup;
			children = (
				F58503012AF767510019AAA3 /* Recipe.app */,
			);
			name = Products;
			sourceTree = "<group>";
		};
		F58503032AF767510019AAA3 /* Recipe */ = {
			isa = PBXGroup;
			children = (
				F58503042AF767510019AAA3 /* RecipeApp.swift */,
				F5E656402AFF0DB10037D5C0 /* RecipeModel.swift */,
				F58503062AF767510019AAA3 /* ContentView.swift */,
				F58503122AF769350019AAA3 /* TabBar.swift */,
				F58503142AF769410019AAA3 /* NewRecipiesView.swift */,
				F58503162AF769540019AAA3 /* FavoritiesView.swift */,
				F58503182AF769680019AAA3 /* HomeView.swift */,
				F5E656462AFF24620037D5C0 /* RecipeView.swift */,
				F5E656422AFF1A520037D5C0 /* RecipeCard.swift */,
				F5E656442AFF20190037D5C0 /* RecipeList.swift */,
				F585031A2AF769760019AAA3 /* CatagoriesView.swift */,
				F58503082AF767530019AAA3 /* Assets.xcassets */,
				F585030A2AF767530019AAA3 /* Preview Content */,
			);
			path = Recipe;
			sourceTree = "<group>";
		};
		F585030A2AF767530019AAA3 /* Preview Content */ = {
			isa = PBXGroup;
			children = (
				F585030B2AF767530019AAA3 /* Preview Assets.xcassets */,
			);
			path = "Preview Content";
			sourceTree = "<group>";
		};
/* End PBXGroup section */

/* Begin PBXNativeTarget section */
		F58503002AF767510019AAA3 /* Recipe */ = {
			isa = PBXNativeTarget;
			buildConfigurationList = F585030F2AF767530019AAA3 /* Build configuration list for PBXNativeTarget "Recipe" */;
			buildPhases = (
				F58502FD2AF767510019AAA3 /* Sources */,
				F58502FE2AF767510019AAA3 /* Frameworks */,
				F58502FF2AF767510019AAA3 /* Resources */,
			);
			buildRules = (
			);
			dependencies = (
			);
			name = Recipe;
			productName = Recipe;
			productReference = F58503012AF767510019AAA3 /* Recipe.app */;
			productType = "com.apple.product-type.application";
		};
/* End PBXNativeTarget section */

/* Begin PBXProject section */
		F58502F92AF767510019AAA3 /* Project object */ = {
			isa = PBXProject;
			attributes = {
				BuildIndependentTargetsInParallel = 1;
				LastSwiftUpdateCheck = 1430;
				LastUpgradeCheck = 1430;
				TargetAttributes = {
					F58503002AF767510019AAA3 = {
						CreatedOnToolsVersion = 14.3.1;
					};
				};
			};
			buildConfigurationList = F58502FC2AF767510019AAA3 /* Build configuration list for PBXProject "Recipe" */;
			compatibilityVersion = "Xcode 14.0";
			developmentRegion = en;
			hasScannedForEncodings = 0;
			knownRegions = (
				en,
				Base,
			);
			mainGroup = F58502F82AF767510019AAA3;
			productRefGroup = F58503022AF767510019AAA3 /* Products */;
			projectDirPath = "";
			projectRoot = "";
			targets = (
				F58503002AF767510019AAA3 /* Recipe */,
			);
		};
/* End PBXProject section */

/* Begin PBXResourcesBuildPhase section */
		F58502FF2AF767510019AAA3 /* Resources */ = {
			isa = PBXResourcesBuildPhase;
			buildActionMask = 2147483647;
			files = (
				F585030C2AF767530019AAA3 /* Preview Assets.xcassets in Resources */,
				F58503092AF767530019AAA3 /* Assets.xcassets in Resources */,
			);
			runOnlyForDeploymentPostprocessing = 0;
		};
/* End PBXResourcesBuildPhase section */

/* Begin PBXSourcesBuildPhase section */
		F58502FD2AF767510019AAA3 /* Sources */ = {
			isa = PBXSourcesBuildPhase;
			buildActionMask = 2147483647;
			files = (
				F58503132AF769350019AAA3 /* TabBar.swift in Sources */,
				F58503152AF769410019AAA3 /* NewRecipiesView.swift in Sources */,
				F5E656432AFF1A520037D5C0 /* RecipeCard.swift in Sources */,
				F58503072AF767510019AAA3 /* ContentView.swift in Sources */,
				F5E656472AFF24620037D5C0 /* RecipeView.swift in Sources */,
				F58503192AF769680019AAA3 /* HomeView.swift in Sources */,
				F58503172AF769540019AAA3 /* FavoritiesView.swift in Sources */,
				F5E656412AFF0DB10037D5C0 /* RecipeModel.swift in Sources */,
				F5E656452AFF20190037D5C0 /* RecipeList.swift in Sources */,
				F585031B2AF769760019AAA3 /* CatagoriesView.swift in Sources */,
				F58503052AF767510019AAA3 /* RecipeApp.swift in Sources */,
			);
			runOnlyForDeploymentPostprocessing = 0;
		};
/* End PBXSourcesBuildPhase section */

/* Begin XCBuildConfiguration section */
		F585030D2AF767530019AAA3 /* Debug */ = {
			isa = XCBuildConfiguration;
			buildSettings = {
				ALWAYS_SEARCH_USER_PATHS = NO;
				CLANG_ANALYZER_NONNULL = YES;
				CLANG_ANALYZER_NUMBER_OBJECT_CONVERSION = YES_AGGRESSIVE;
				CLANG_CXX_LANGUAGE_STANDARD = "gnu++20";
				CLANG_ENABLE_MODULES = YES;
				CLANG_ENABLE_OBJC_ARC = YES;
				CLANG_ENABLE_OBJC_WEAK = YES;
				CLANG_WARN_BLOCK_CAPTURE_AUTORELEASING = YES;
				CLANG_WARN_BOOL_CONVERSION = YES;
				CLANG_WARN_COMMA = YES;
				CLANG_WARN_CONSTANT_CONVERSION = YES;
				CLANG_WARN_DEPRECATED_OBJC_IMPLEMENTATIONS = YES;
				CLANG_WARN_DIRECT_OBJC_ISA_USAGE = YES_ERROR;
				CLANG_WARN_DOCUMENTATION_COMMENTS = YES;
				CLANG_WARN_EMPTY_BODY = YES;
				CLANG_WARN_ENUM_CONVERSION = YES;
				CLANG_WARN_INFINITE_RECURSION = YES;
				CLANG_WARN_INT_CONVERSION = YES;
				CLANG_WARN_NON_LITERAL_NULL_CONVERSION = YES;
				CLANG_WARN_OBJC_IMPLICIT_RETAIN_SELF = YES;
				CLANG_WARN_OBJC_LITERAL_CONVERSION = YES;
				CLANG_WARN_OBJC_ROOT_CLASS = YES_ERROR;
				CLANG_WARN_QUOTED_INCLUDE_IN_FRAMEWORK_HEADER = YES;
				CLANG_WARN_RANGE_LOOP_ANALYSIS = YES;
				CLANG_WARN_STRICT_PROTOTYPES = YES;
				CLANG_WARN_SUSPICIOUS_MOVE = YES;
				CLANG_WARN_UNGUARDED_AVAILABILITY = YES_AGGRESSIVE;
				CLANG_WARN_UNREACHABLE_CODE = YES;
				CLANG_WARN__DUPLICATE_METHOD_MATCH = YES;
				COPY_PHASE_STRIP = NO;
				DEBUG_INFORMATION_FORMAT = dwarf;
				ENABLE_STRICT_OBJC_MSGSEND = YES;
				ENABLE_TESTABILITY = YES;
				GCC_C_LANGUAGE_STANDARD = gnu11;
				GCC_DYNAMIC_NO_PIC = NO;
				GCC_NO_COMMON_BLOCKS = YES;
				GCC_OPTIMIZATION_LEVEL = 0;
				GCC_PREPROCESSOR_DEFINITIONS = (
					"DEBUG=1",
					"$(inherited)",
				);
				GCC_WARN_64_TO_32_BIT_CONVERSION = YES;
				GCC_WARN_ABOUT_RETURN_TYPE = YES_ERROR;
				GCC_WARN_UNDECLARED_SELECTOR = YES;
				GCC_WARN_UNINITIALIZED_AUTOS = YES_AGGRESSIVE;
				GCC_WARN_UNUSED_FUNCTION = YES;
				GCC_WARN_UNUSED_VARIABLE = YES;
				IPHONEOS_DEPLOYMENT_TARGET = 16.4;
				MTL_ENABLE_DEBUG_INFO = INCLUDE_SOURCE;
				MTL_FAST_MATH = YES;
				ONLY_ACTIVE_ARCH = YES;
				SDKROOT = iphoneos;
				SWIFT_ACTIVE_COMPILATION_CONDITIONS = DEBUG;
				SWIFT_OPTIMIZATION_LEVEL = "-Onone";
			};
			name = Debug;
		};
		F585030E2AF767530019AAA3 /* Release */ = {
			isa = XCBuildConfiguration;
			buildSettings = {
				ALWAYS_SEARCH_USER_PATHS = NO;
				CLANG_ANALYZER_NONNULL = YES;
				CLANG_ANALYZER_NUMBER_OBJECT_CONVERSION = YES_AGGRESSIVE;
				CLANG_CXX_LANGUAGE_STANDARD = "gnu++20";
				CLANG_ENABLE_MODULES = YES;
				CLANG_ENABLE_OBJC_ARC = YES;
				CLANG_ENABLE_OBJC_WEAK = YES;
				CLANG_WARN_BLOCK_CAPTURE_AUTORELEASING = YES;
				CLANG_WARN_BOOL_CONVERSION = YES;
				CLANG_WARN_COMMA = YES;
				CLANG_WARN_CONSTANT_CONVERSION = YES;
				CLANG_WARN_DEPRECATED_OBJC_IMPLEMENTATIONS = YES;
				CLANG_WARN_DIRECT_OBJC_ISA_USAGE = YES_ERROR;
				CLANG_WARN_DOCUMENTATION_COMMENTS = YES;
				CLANG_WARN_EMPTY_BODY = YES;
				CLANG_WARN_ENUM_CONVERSION = YES;
				CLANG_WARN_INFINITE_RECURSION = YES;
				CLANG_WARN_INT_CONVERSION = YES;
				CLANG_WARN_NON_LITERAL_NULL_CONVERSION = YES;
				CLANG_WARN_OBJC_IMPLICIT_RETAIN_SELF = YES;
				CLANG_WARN_OBJC_LITERAL_CONVERSION = YES;
				CLANG_WARN_OBJC_ROOT_CLASS = YES_ERROR;
				CLANG_WARN_QUOTED_INCLUDE_IN_FRAMEWORK_HEADER = YES;
				CLANG_WARN_RANGE_LOOP_ANALYSIS = YES;
				CLANG_WARN_STRICT_PROTOTYPES = YES;
				CLANG_WARN_SUSPICIOUS_MOVE = YES;
				CLANG_WARN_UNGUARDED_AVAILABILITY = YES_AGGRESSIVE;
				CLANG_WARN_UNREACHABLE_CODE = YES;
				CLANG_WARN__DUPLICATE_METHOD_MATCH = YES;
				COPY_PHASE_STRIP = NO;
				DEBUG_INFORMATION_FORMAT = "dwarf-with-dsym";
				ENABLE_NS_ASSERTIONS = NO;
				ENABLE_STRICT_OBJC_MSGSEND = YES;
				GCC_C_LANGUAGE_STANDARD = gnu11;
				GCC_NO_COMMON_BLOCKS = YES;
				GCC_WARN_64_TO_32_BIT_CONVERSION = YES;
				GCC_WARN_ABOUT_RETURN_TYPE = YES_ERROR;
				GCC_WARN_UNDECLARED_SELECTOR = YES;
				GCC_WARN_UNINITIALIZED_AUTOS = YES_AGGRESSIVE;
				GCC_WARN_UNUSED_FUNCTION = YES;
				GCC_WARN_UNUSED_VARIABLE = YES;
				IPHONEOS_DEPLOYMENT_TARGET = 16.4;
				MTL_ENABLE_DEBUG_INFO = NO;
				MTL_FAST_MATH = YES;
				SDKROOT = iphoneos;
				SWIFT_COMPILATION_MODE = wholemodule;
				SWIFT_OPTIMIZATION_LEVEL = "-O";
				VALIDATE_PRODUCT = YES;
			};
			name = Release;
		};
		F58503102AF767530019AAA3 /* Debug */ = {
			isa = XCBuildConfiguration;
			buildSettings = {
				ASSETCATALOG_COMPILER_APPICON_NAME = AppIcon;
				ASSETCATALOG_COMPILER_GLOBAL_ACCENT_COLOR_NAME = AccentColor;
				CODE_SIGN_STYLE = Automatic;
				CURRENT_PROJECT_VERSION = 1;
				DEVELOPMENT_ASSET_PATHS = "\"Recipe/Preview Content\"";
				ENABLE_PREVIEWS = YES;
				GENERATE_INFOPLIST_FILE = YES;
				INFOPLIST_KEY_UIApplicationSceneManifest_Generation = YES;
				INFOPLIST_KEY_UIApplicationSupportsIndirectInputEvents = YES;
				INFOPLIST_KEY_UILaunchScreen_Generation = YES;
				INFOPLIST_KEY_UISupportedInterfaceOrientations_iPad = "UIInterfaceOrientationPortrait UIInterfaceOrientationPortraitUpsideDown UIInterfaceOrientationLandscapeLeft UIInterfaceOrientationLandscapeRight";
				INFOPLIST_KEY_UISupportedInterfaceOrientations_iPhone = "UIInterfaceOrientationPortrait UIInterfaceOrientationLandscapeLeft UIInterfaceOrientationLandscapeRight";
				LD_RUNPATH_SEARCH_PATHS = (
					"$(inherited)",
					"@executable_path/Frameworks",
				);
				MARKETING_VERSION = 1.0;
				PRODUCT_BUNDLE_IDENTIFIER = project.Recipe;
				PRODUCT_NAME = "$(TARGET_NAME)";
				SWIFT_EMIT_LOC_STRINGS = YES;
				SWIFT_VERSION = 5.0;
				TARGETED_DEVICE_FAMILY = "1,2";
			};
			name = Debug;
		};
		F58503112AF767530019AAA3 /* Release */ = {
			isa = XCBuildConfiguration;
			buildSettings = {
				ASSETCATALOG_COMPILER_APPICON_NAME = AppIcon;
				ASSETCATALOG_COMPILER_GLOBAL_ACCENT_COLOR_NAME = AccentColor;
				CODE_SIGN_STYLE = Automatic;
				CURRENT_PROJECT_VERSION = 1;
				DEVELOPMENT_ASSET_PATHS = "\"Recipe/Preview Content\"";
				ENABLE_PREVIEWS = YES;
				GENERATE_INFOPLIST_FILE = YES;
				INFOPLIST_KEY_UIApplicationSceneManifest_Generation = YES;
				INFOPLIST_KEY_UIApplicationSupportsIndirectInputEvents = YES;
				INFOPLIST_KEY_UILaunchScreen_Generation = YES;
				INFOPLIST_KEY_UISupportedInterfaceOrientations_iPad = "UIInterfaceOrientationPortrait UIInterfaceOrientationPortraitUpsideDown UIInterfaceOrientationLandscapeLeft UIInterfaceOrientationLandscapeRight";
				INFOPLIST_KEY_UISupportedInterfaceOrientations_iPhone = "UIInterfaceOrientationPortrait UIInterfaceOrientationLandscapeLeft UIInterfaceOrientationLandscapeRight";
				LD_RUNPATH_SEARCH_PATHS = (
					"$(inherited)",
					"@executable_path/Frameworks",
				);
				MARKETING_VERSION = 1.0;
				PRODUCT_BUNDLE_IDENTIFIER = project.Recipe;
				PRODUCT_NAME = "$(TARGET_NAME)";
				SWIFT_EMIT_LOC_STRINGS = YES;
				SWIFT_VERSION = 5.0;
				TARGETED_DEVICE_FAMILY = "1,2";
			};
			name = Release;
		};
/* End XCBuildConfiguration section */

/* Begin XCConfigurationList section */
		F58502FC2AF767510019AAA3 /* Build configuration list for PBXProject "Recipe" */ = {
			isa = XCConfigurationList;
			buildConfigurations = (
				F585030D2AF767530019AAA3 /* Debug */,
				F585030E2AF767530019AAA3 /* Release */,
			);
			defaultConfigurationIsVisible = 0;
			defaultConfigurationName = Release;
		};
		F585030F2AF767530019AAA3 /* Build configuration list for PBXNativeTarget "Recipe" */ = {
			isa = XCConfigurationList;
			buildConfigurations = (
				F58503102AF767530019AAA3 /* Debug */,
				F58503112AF767530019AAA3 /* Release */,
			);
			defaultConfigurationIsVisible = 0;
			defaultConfigurationName = Release;
		};
/* End XCConfigurationList section */
	};
	rootObject = F58502F92AF767510019AAA3 /* Project object */;
}
